
Microsoft Visual Studio Solution File, Format Version 12.00
# Visual Studio 15
VisualStudioVersion = 15.0.27428.2037
MinimumVisualStudioVersion = 10.0.40219.1
Project("{FAE04EC0-301F-11D3-BF4B-00C04F79EFBC}") = "ZonarData", "ZonarData\ZonarData.csproj", "{A42F010C-FF52-4D31-8566-8756517431FE}"
EndProject
Project("{FAE04EC0-301F-11D3-BF4B-00C04F79EFBC}") = "WebServiceXMLToJson", "WebServiceXMLToJson\WebServiceXMLToJson.csproj", "{53E830BB-01CB-47BA-8873-6F7BEA492C92}"
EndProject
Global
	GlobalSection(SolutionConfigurationPlatforms) = preSolution
		Debug|Any CPU = Debug|Any CPU
		Release|Any CPU = Release|Any CPU
	EndGlobalSection
	GlobalSection(ProjectConfigurationPlatforms) = postSolution
		{A42F010C-FF52-4D31-8566-8756517431FE}.Debug|Any CPU.ActiveCfg = Debug|Any CPU
		{A42F010C-FF52-4D31-8566-8756517431FE}.Debug|Any CPU.Build.0 = Debug|Any CPU
		{A42F010C-FF52-4D31-8566-8756517431FE}.Release|Any CPU.ActiveCfg = Release|Any CPU
		{A42F010C-FF52-4D31-8566-8756517431FE}.Release|Any CPU.Build.0 = Release|Any CPU
		{53E830BB-01CB-47BA-8873-6F7BEA492C92}.Debug|Any CPU.ActiveCfg = Debug|Any CPU
		{53E830BB-01CB-47BA-8873-6F7BEA492C92}.Debug|Any CPU.Build.0 = Debug|Any CPU
		{53E830BB-01CB-47BA-8873-6F7BEA492C92}.Release|Any CPU.ActiveCfg = Release|Any CPU
		{53E830BB-01CB-47BA-8873-6F7BEA492C92}.Release|Any CPU.Build.0 = Release|Any CPU
	EndGlobalSection
	GlobalSection(SolutionProperties) = preSolution
		HideSolutionNode = FALSE
	EndGlobalSection
	GlobalSection(ExtensibilityGlobals) = postSolution
		SolutionGuid = {4672CC01-BF76-4C15-BE9A-3809D55C482A}
	EndGlobalSection
EndGlobal
